PODS:
  - mailcore2-osx (0.6.4)
  - NMSSH (2.2.5)
  - ReactiveCocoa (2.1.8):
    - ReactiveCocoa/Core (= 2.1.8)
    - ReactiveCocoa/no-arc (= 2.1.8)
  - ReactiveCocoa/Core (2.1.8):
    - ReactiveCocoa/no-arc
  - ReactiveCocoa/no-arc (2.1.8)
  - ZXingObjC (3.1.0):
    - ZXingObjC/All (= 3.1.0)
  - ZXingObjC/All (3.1.0)

DEPENDENCIES:
  - mailcore2-osx
  - NMSSH
  - ReactiveCocoa (= 2.1.8)
  - ZXingObjC (~> 3.0)

SPEC CHECKSUMS:
  mailcore2-osx: 56890045e50f3b09b6530f5bd008eda67e1f6b82
  NMSSH: 8643df89d73b9a3e398a5a5971f6ea4bb1179ea7
  ReactiveCocoa: f89f2e009a87951b50321bf9feb958823fcc617e
  ZXingObjC: bf15b3814f7a105b6d99f47da2333c93a063650a

PODFILE CHECKSUM: 221e50cf62c5b42c98a3a6c838782a737dac238e

COCOAPODS: 1.0.0
