PODS:
  - mailcore2-osx (0.5.0)
  - NMSSH (2.2.0)
  - ReactiveCocoa (2.1.8):
    - ReactiveCocoa/Core (= 2.1.8)
    - ReactiveCocoa/no-arc (= 2.1.8)
  - ReactiveCocoa/Core (2.1.8):
    - ReactiveCocoa/no-arc
  - ReactiveCocoa/no-arc (2.1.8)
  - ZXingObjC (3.0.3):
    - ZXingObjC/All (= 3.0.3)
  - ZXingObjC/All (3.0.3)

DEPENDENCIES:
  - mailcore2-osx
  - NMSSH
  - ReactiveCocoa (= 2.1.8)
  - ZXingObjC (~> 3.0)

SPEC CHECKSUMS:
  mailcore2-osx: 31004a2fe4a4b7fcd9df4fe8990020066dd37fdc
  NMSSH: 9b9ab841e851a5a6304263ce02cc995fa211563c
  ReactiveCocoa: f89f2e009a87951b50321bf9feb958823fcc617e
  ZXingObjC: 35c985cd9b95e82dc3681f0bbb239a5d22b8f3f3

COCOAPODS: 0.39.0
