PODS:
  - mailcore2-osx (0.5.0)
  - NMSSH (2.2.0)
  - ZXingObjC (3.0.3):
    - ZXingObjC/All (= 3.0.3)
  - ZXingObjC/All (3.0.3)

DEPENDENCIES:
  - mailcore2-osx
  - NMSSH
  - ZXingObjC (~> 3.0)

SPEC CHECKSUMS:
  mailcore2-osx: 91139d7e08fa55fc2b48036af0dcdde06216839f
  NMSSH: 6075839f1d4415ce55bf5db62fa1178888e12ae5
  ZXingObjC: 1eebdf4334b7de660ae42ddd23bd97b6d777b07d

COCOAPODS: 0.35.0
